
Microsoft Visual Studio Solution File, Format Version 12.00
# Visual Studio Version 17
VisualStudioVersion = 17.6.33829.357
MinimumVisualStudioVersion = 10.0.40219.1
Project("{2150E333-8FDC-42A3-9474-1A3956D46DE8}") = "Source", "Source", "{1D186D2C-E8F8-4527-B6EE-E0092689DD48}"
EndProject
Project("{2150E333-8FDC-42A3-9474-1A3956D46DE8}") = "Backend", "Backend", "{2F1CDF02-E801-4CF7-9D94-1AFAD87F06B8}"
EndProject
Project("{2150E333-8FDC-42A3-9474-1A3956D46DE8}") = "Platforms", "Platforms", "{8C958EC8-8B1A-489E-A7AB-4AFE6077E02B}"
EndProject
Project("{2150E333-8FDC-42A3-9474-1A3956D46DE8}") = "Tests", "Tests", "{61CBEB38-A13E-441D-AAD7-F13FB47944AB}"
EndProject
Project("{9A19103F-16F7-4668-BE54-9A1E7A4F7556}") = "TestProject.DataContracts", "TestProject\TestProject.DataContracts\TestProject.DataContracts.csproj", "{BA6DF018-5403-472E-9FFB-E1F9BD8933A7}"
EndProject
Project("{9A19103F-16F7-4668-BE54-9A1E7A4F7556}") = "TestProject", "TestProject\TestProject\TestProject.csproj", "{4720A8E9-E731-41C4-B313-3A1487C402E8}"
EndProject
Project("{9A19103F-16F7-4668-BE54-9A1E7A4F7556}") = "TestProject.Tests", "TestProject\TestProject.Tests\TestProject.Tests.csproj", "{F6150FAD-CA72-4F5F-B199-37F00FF12FB2}"
EndProject
Project("{9A19103F-16F7-4668-BE54-9A1E7A4F7556}") = "TestProject.UITests", "TestProject\TestProject.UITests\TestProject.UITests.csproj", "{6AA63D63-C353-434D-859B-0DEB3EB5A4F7}"
EndProject
Project("{9A19103F-16F7-4668-BE54-9A1E7A4F7556}") = "TestProject.Mobile", "TestProject\TestProject.Mobile\TestProject.Mobile.csproj", "{6B5D24A1-6768-4515-8D83-5B2676CC3F06}"
EndProject
Project("{9A19103F-16F7-4668-BE54-9A1E7A4F7556}") = "TestProject.Windows", "TestProject\TestProject.Windows\TestProject.Windows.csproj", "{9E1CD379-8E77-4355-9833-F268A9BB1647}"
EndProject
Project("{9A19103F-16F7-4668-BE54-9A1E7A4F7556}") = "TestProject.Wasm", "TestProject\TestProject.Wasm\TestProject.Wasm.csproj", "{490A5F29-308C-459E-B244-1C90BDCC6970}"
EndProject
Project("{9A19103F-16F7-4668-BE54-9A1E7A4F7556}") = "TestProject.Skia.Gtk", "TestProject\TestProject.Skia.Gtk\TestProject.Skia.Gtk.csproj", "{5F0D97E1-189C-4459-AB32-012A2177DC15}"
EndProject
Project("{9A19103F-16F7-4668-BE54-9A1E7A4F7556}") = "TestProject.Server", "TestProject\TestProject.Server\TestProject.Server.csproj", "{0DB4FC92-58A7-4067-9370-E58851266F71}"
EndProject
Global
	GlobalSection(SolutionConfigurationPlatforms) = preSolution
		Debug|Any CPU = Debug|Any CPU
		Debug|arm64 = Debug|arm64
		Debug|x64 = Debug|x64
		Debug|x86 = Debug|x86
		Release|Any CPU = Release|Any CPU
		Release|arm64 = Release|arm64
		Release|x64 = Release|x64
		Release|x86 = Release|x86
	EndGlobalSection
	GlobalSection(ProjectConfigurationPlatforms) = postSolution
		{BA6DF018-5403-472E-9FFB-E1F9BD8933A7}.Debug|Any CPU.ActiveCfg = Debug|Any CPU
		{BA6DF018-5403-472E-9FFB-E1F9BD8933A7}.Debug|Any CPU.Build.0 = Debug|Any CPU
		{BA6DF018-5403-472E-9FFB-E1F9BD8933A7}.Debug|arm64.ActiveCfg = Debug|Any CPU
		{BA6DF018-5403-472E-9FFB-E1F9BD8933A7}.Debug|arm64.Build.0 = Debug|Any CPU
		{BA6DF018-5403-472E-9FFB-E1F9BD8933A7}.Debug|x64.ActiveCfg = Debug|Any CPU
		{BA6DF018-5403-472E-9FFB-E1F9BD8933A7}.Debug|x64.Build.0 = Debug|Any CPU
		{BA6DF018-5403-472E-9FFB-E1F9BD8933A7}.Debug|x86.ActiveCfg = Debug|Any CPU
		{BA6DF018-5403-472E-9FFB-E1F9BD8933A7}.Debug|x86.Build.0 = Debug|Any CPU
		{BA6DF018-5403-472E-9FFB-E1F9BD8933A7}.Release|Any CPU.ActiveCfg = Release|Any CPU
		{BA6DF018-5403-472E-9FFB-E1F9BD8933A7}.Release|Any CPU.Build.0 = Release|Any CPU
		{BA6DF018-5403-472E-9FFB-E1F9BD8933A7}.Release|arm64.ActiveCfg = Release|Any CPU
		{BA6DF018-5403-472E-9FFB-E1F9BD8933A7}.Release|arm64.Build.0 = Release|Any CPU
		{BA6DF018-5403-472E-9FFB-E1F9BD8933A7}.Release|x64.ActiveCfg = Release|Any CPU
		{BA6DF018-5403-472E-9FFB-E1F9BD8933A7}.Release|x64.Build.0 = Release|Any CPU
		{BA6DF018-5403-472E-9FFB-E1F9BD8933A7}.Release|x86.ActiveCfg = Release|Any CPU
		{BA6DF018-5403-472E-9FFB-E1F9BD8933A7}.Release|x86.Build.0 = Release|Any CPU
		{4720A8E9-E731-41C4-B313-3A1487C402E8}.Debug|Any CPU.ActiveCfg = Debug|Any CPU
		{4720A8E9-E731-41C4-B313-3A1487C402E8}.Debug|Any CPU.Build.0 = Debug|Any CPU
		{4720A8E9-E731-41C4-B313-3A1487C402E8}.Debug|arm64.ActiveCfg = Debug|Any CPU
		{4720A8E9-E731-41C4-B313-3A1487C402E8}.Debug|arm64.Build.0 = Debug|Any CPU
		{4720A8E9-E731-41C4-B313-3A1487C402E8}.Debug|x64.ActiveCfg = Debug|Any CPU
		{4720A8E9-E731-41C4-B313-3A1487C402E8}.Debug|x64.Build.0 = Debug|Any CPU
		{4720A8E9-E731-41C4-B313-3A1487C402E8}.Debug|x86.ActiveCfg = Debug|Any CPU
		{4720A8E9-E731-41C4-B313-3A1487C402E8}.Debug|x86.Build.0 = Debug|Any CPU
		{4720A8E9-E731-41C4-B313-3A1487C402E8}.Release|Any CPU.ActiveCfg = Release|Any CPU
		{4720A8E9-E731-41C4-B313-3A1487C402E8}.Release|Any CPU.Build.0 = Release|Any CPU
		{4720A8E9-E731-41C4-B313-3A1487C402E8}.Release|arm64.ActiveCfg = Release|Any CPU
		{4720A8E9-E731-41C4-B313-3A1487C402E8}.Release|arm64.Build.0 = Release|Any CPU
		{4720A8E9-E731-41C4-B313-3A1487C402E8}.Release|x64.ActiveCfg = Release|Any CPU
		{4720A8E9-E731-41C4-B313-3A1487C402E8}.Release|x64.Build.0 = Release|Any CPU
		{4720A8E9-E731-41C4-B313-3A1487C402E8}.Release|x86.ActiveCfg = Release|Any CPU
		{4720A8E9-E731-41C4-B313-3A1487C402E8}.Release|x86.Build.0 = Release|Any CPU
		{F6150FAD-CA72-4F5F-B199-37F00FF12FB2}.Debug|Any CPU.ActiveCfg = Debug|Any CPU
		{F6150FAD-CA72-4F5F-B199-37F00FF12FB2}.Debug|Any CPU.Build.0 = Debug|Any CPU
		{F6150FAD-CA72-4F5F-B199-37F00FF12FB2}.Debug|arm64.ActiveCfg = Debug|Any CPU
		{F6150FAD-CA72-4F5F-B199-37F00FF12FB2}.Debug|arm64.Build.0 = Debug|Any CPU
		{F6150FAD-CA72-4F5F-B199-37F00FF12FB2}.Debug|x64.ActiveCfg = Debug|Any CPU
		{F6150FAD-CA72-4F5F-B199-37F00FF12FB2}.Debug|x64.Build.0 = Debug|Any CPU
		{F6150FAD-CA72-4F5F-B199-37F00FF12FB2}.Debug|x86.ActiveCfg = Debug|Any CPU
		{F6150FAD-CA72-4F5F-B199-37F00FF12FB2}.Debug|x86.Build.0 = Debug|Any CPU
		{F6150FAD-CA72-4F5F-B199-37F00FF12FB2}.Release|Any CPU.ActiveCfg = Release|Any CPU
		{F6150FAD-CA72-4F5F-B199-37F00FF12FB2}.Release|Any CPU.Build.0 = Release|Any CPU
		{F6150FAD-CA72-4F5F-B199-37F00FF12FB2}.Release|arm64.ActiveCfg = Release|Any CPU
		{F6150FAD-CA72-4F5F-B199-37F00FF12FB2}.Release|arm64.Build.0 = Release|Any CPU
		{F6150FAD-CA72-4F5F-B199-37F00FF12FB2}.Release|x64.ActiveCfg = Release|Any CPU
		{F6150FAD-CA72-4F5F-B199-37F00FF12FB2}.Release|x64.Build.0 = Release|Any CPU
		{F6150FAD-CA72-4F5F-B199-37F00FF12FB2}.Release|x86.ActiveCfg = Release|Any CPU
		{F6150FAD-CA72-4F5F-B199-37F00FF12FB2}.Release|x86.Build.0 = Release|Any CPU
		{6AA63D63-C353-434D-859B-0DEB3EB5A4F7}.Debug|Any CPU.ActiveCfg = Debug|Any CPU
		{6AA63D63-C353-434D-859B-0DEB3EB5A4F7}.Debug|Any CPU.Build.0 = Debug|Any CPU
		{6AA63D63-C353-434D-859B-0DEB3EB5A4F7}.Debug|arm64.ActiveCfg = Debug|Any CPU
		{6AA63D63-C353-434D-859B-0DEB3EB5A4F7}.Debug|arm64.Build.0 = Debug|Any CPU
		{6AA63D63-C353-434D-859B-0DEB3EB5A4F7}.Debug|x64.ActiveCfg = Debug|Any CPU
		{6AA63D63-C353-434D-859B-0DEB3EB5A4F7}.Debug|x64.Build.0 = Debug|Any CPU
		{6AA63D63-C353-434D-859B-0DEB3EB5A4F7}.Debug|x86.ActiveCfg = Debug|Any CPU
		{6AA63D63-C353-434D-859B-0DEB3EB5A4F7}.Debug|x86.Build.0 = Debug|Any CPU
		{6AA63D63-C353-434D-859B-0DEB3EB5A4F7}.Release|Any CPU.ActiveCfg = Release|Any CPU
		{6AA63D63-C353-434D-859B-0DEB3EB5A4F7}.Release|Any CPU.Build.0 = Release|Any CPU
		{6AA63D63-C353-434D-859B-0DEB3EB5A4F7}.Release|arm64.ActiveCfg = Release|Any CPU
		{6AA63D63-C353-434D-859B-0DEB3EB5A4F7}.Release|arm64.Build.0 = Release|Any CPU
		{6AA63D63-C353-434D-859B-0DEB3EB5A4F7}.Release|x64.ActiveCfg = Release|Any CPU
		{6AA63D63-C353-434D-859B-0DEB3EB5A4F7}.Release|x64.Build.0 = Release|Any CPU
		{6AA63D63-C353-434D-859B-0DEB3EB5A4F7}.Release|x86.ActiveCfg = Release|Any CPU
		{6AA63D63-C353-434D-859B-0DEB3EB5A4F7}.Release|x86.Build.0 = Release|Any CPU
		{6B5D24A1-6768-4515-8D83-5B2676CC3F06}.Debug|Any CPU.ActiveCfg = Debug|Any CPU
		{6B5D24A1-6768-4515-8D83-5B2676CC3F06}.Debug|Any CPU.Build.0 = Debug|Any CPU
		{6B5D24A1-6768-4515-8D83-5B2676CC3F06}.Debug|Any CPU.Deploy.0 = Debug|Any CPU
		{6B5D24A1-6768-4515-8D83-5B2676CC3F06}.Debug|arm64.ActiveCfg = Debug|Any CPU
		{6B5D24A1-6768-4515-8D83-5B2676CC3F06}.Debug|arm64.Build.0 = Debug|Any CPU
		{6B5D24A1-6768-4515-8D83-5B2676CC3F06}.Debug|arm64.Deploy.0 = Debug|Any CPU
		{6B5D24A1-6768-4515-8D83-5B2676CC3F06}.Debug|x64.ActiveCfg = Debug|Any CPU
		{6B5D24A1-6768-4515-8D83-5B2676CC3F06}.Debug|x64.Build.0 = Debug|Any CPU
		{6B5D24A1-6768-4515-8D83-5B2676CC3F06}.Debug|x64.Deploy.0 = Debug|Any CPU
		{6B5D24A1-6768-4515-8D83-5B2676CC3F06}.Debug|x86.ActiveCfg = Debug|Any CPU
		{6B5D24A1-6768-4515-8D83-5B2676CC3F06}.Debug|x86.Build.0 = Debug|Any CPU
		{6B5D24A1-6768-4515-8D83-5B2676CC3F06}.Debug|x86.Deploy.0 = Debug|Any CPU
		{6B5D24A1-6768-4515-8D83-5B2676CC3F06}.Release|Any CPU.ActiveCfg = Release|Any CPU
		{6B5D24A1-6768-4515-8D83-5B2676CC3F06}.Release|Any CPU.Build.0 = Release|Any CPU
		{6B5D24A1-6768-4515-8D83-5B2676CC3F06}.Release|Any CPU.Deploy.0 = Release|Any CPU
		{6B5D24A1-6768-4515-8D83-5B2676CC3F06}.Release|arm64.ActiveCfg = Release|Any CPU
		{6B5D24A1-6768-4515-8D83-5B2676CC3F06}.Release|arm64.Build.0 = Release|Any CPU
		{6B5D24A1-6768-4515-8D83-5B2676CC3F06}.Release|arm64.Deploy.0 = Release|Any CPU
		{6B5D24A1-6768-4515-8D83-5B2676CC3F06}.Release|x64.ActiveCfg = Release|Any CPU
		{6B5D24A1-6768-4515-8D83-5B2676CC3F06}.Release|x64.Build.0 = Release|Any CPU
		{6B5D24A1-6768-4515-8D83-5B2676CC3F06}.Release|x64.Deploy.0 = Release|Any CPU
		{6B5D24A1-6768-4515-8D83-5B2676CC3F06}.Release|x86.ActiveCfg = Release|Any CPU
		{6B5D24A1-6768-4515-8D83-5B2676CC3F06}.Release|x86.Build.0 = Release|Any CPU
		{6B5D24A1-6768-4515-8D83-5B2676CC3F06}.Release|x86.Deploy.0 = Release|Any CPU
		{9E1CD379-8E77-4355-9833-F268A9BB1647}.Debug|Any CPU.ActiveCfg = Debug|x64
		{9E1CD379-8E77-4355-9833-F268A9BB1647}.Debug|Any CPU.Build.0 = Debug|x64
		{9E1CD379-8E77-4355-9833-F268A9BB1647}.Debug|Any CPU.Deploy.0 = Debug|x64
		{9E1CD379-8E77-4355-9833-F268A9BB1647}.Debug|arm64.ActiveCfg = Debug|arm64
		{9E1CD379-8E77-4355-9833-F268A9BB1647}.Debug|arm64.Build.0 = Debug|arm64
		{9E1CD379-8E77-4355-9833-F268A9BB1647}.Debug|arm64.Deploy.0 = Debug|arm64
		{9E1CD379-8E77-4355-9833-F268A9BB1647}.Debug|x64.ActiveCfg = Debug|x64
		{9E1CD379-8E77-4355-9833-F268A9BB1647}.Debug|x64.Build.0 = Debug|x64
		{9E1CD379-8E77-4355-9833-F268A9BB1647}.Debug|x64.Deploy.0 = Debug|x64
		{9E1CD379-8E77-4355-9833-F268A9BB1647}.Debug|x86.ActiveCfg = Debug|x86
		{9E1CD379-8E77-4355-9833-F268A9BB1647}.Debug|x86.Build.0 = Debug|x86
		{9E1CD379-8E77-4355-9833-F268A9BB1647}.Debug|x86.Deploy.0 = Debug|x86
		{9E1CD379-8E77-4355-9833-F268A9BB1647}.Release|Any CPU.ActiveCfg = Release|x64
		{9E1CD379-8E77-4355-9833-F268A9BB1647}.Release|Any CPU.Build.0 = Release|x64
		{9E1CD379-8E77-4355-9833-F268A9BB1647}.Release|Any CPU.Deploy.0 = Release|x64
		{9E1CD379-8E77-4355-9833-F268A9BB1647}.Release|arm64.ActiveCfg = Release|arm64
		{9E1CD379-8E77-4355-9833-F268A9BB1647}.Release|arm64.Build.0 = Release|arm64
		{9E1CD379-8E77-4355-9833-F268A9BB1647}.Release|arm64.Deploy.0 = Release|arm64
		{9E1CD379-8E77-4355-9833-F268A9BB1647}.Release|x64.ActiveCfg = Release|x64
		{9E1CD379-8E77-4355-9833-F268A9BB1647}.Release|x64.Build.0 = Release|x64
		{9E1CD379-8E77-4355-9833-F268A9BB1647}.Release|x64.Deploy.0 = Release|x64
		{9E1CD379-8E77-4355-9833-F268A9BB1647}.Release|x86.ActiveCfg = Release|x86
		{9E1CD379-8E77-4355-9833-F268A9BB1647}.Release|x86.Build.0 = Release|x86
		{9E1CD379-8E77-4355-9833-F268A9BB1647}.Release|x86.Deploy.0 = Release|x86
		{490A5F29-308C-459E-B244-1C90BDCC6970}.Debug|Any CPU.ActiveCfg = Debug|Any CPU
		{490A5F29-308C-459E-B244-1C90BDCC6970}.Debug|Any CPU.Build.0 = Debug|Any CPU
		{490A5F29-308C-459E-B244-1C90BDCC6970}.Debug|arm64.ActiveCfg = Debug|Any CPU
		{490A5F29-308C-459E-B244-1C90BDCC6970}.Debug|arm64.Build.0 = Debug|Any CPU
		{490A5F29-308C-459E-B244-1C90BDCC6970}.Debug|x64.ActiveCfg = Debug|Any CPU
		{490A5F29-308C-459E-B244-1C90BDCC6970}.Debug|x64.Build.0 = Debug|Any CPU
		{490A5F29-308C-459E-B244-1C90BDCC6970}.Debug|x86.ActiveCfg = Debug|Any CPU
		{490A5F29-308C-459E-B244-1C90BDCC6970}.Debug|x86.Build.0 = Debug|Any CPU
		{490A5F29-308C-459E-B244-1C90BDCC6970}.Release|Any CPU.ActiveCfg = Release|Any CPU
		{490A5F29-308C-459E-B244-1C90BDCC6970}.Release|Any CPU.Build.0 = Release|Any CPU
		{490A5F29-308C-459E-B244-1C90BDCC6970}.Release|arm64.ActiveCfg = Release|Any CPU
		{490A5F29-308C-459E-B244-1C90BDCC6970}.Release|arm64.Build.0 = Release|Any CPU
		{490A5F29-308C-459E-B244-1C90BDCC6970}.Release|x64.ActiveCfg = Release|Any CPU
		{490A5F29-308C-459E-B244-1C90BDCC6970}.Release|x64.Build.0 = Release|Any CPU
		{490A5F29-308C-459E-B244-1C90BDCC6970}.Release|x86.ActiveCfg = Release|Any CPU
		{490A5F29-308C-459E-B244-1C90BDCC6970}.Release|x86.Build.0 = Release|Any CPU
		{5F0D97E1-189C-4459-AB32-012A2177DC15}.Debug|Any CPU.ActiveCfg = Debug|Any CPU
		{5F0D97E1-189C-4459-AB32-012A2177DC15}.Debug|Any CPU.Build.0 = Debug|Any CPU
		{5F0D97E1-189C-4459-AB32-012A2177DC15}.Debug|arm64.ActiveCfg = Debug|Any CPU
		{5F0D97E1-189C-4459-AB32-012A2177DC15}.Debug|arm64.Build.0 = Debug|Any CPU
		{5F0D97E1-189C-4459-AB32-012A2177DC15}.Debug|x64.ActiveCfg = Debug|Any CPU
		{5F0D97E1-189C-4459-AB32-012A2177DC15}.Debug|x64.Build.0 = Debug|Any CPU
		{5F0D97E1-189C-4459-AB32-012A2177DC15}.Debug|x86.ActiveCfg = Debug|Any CPU
		{5F0D97E1-189C-4459-AB32-012A2177DC15}.Debug|x86.Build.0 = Debug|Any CPU
		{5F0D97E1-189C-4459-AB32-012A2177DC15}.Release|Any CPU.ActiveCfg = Release|Any CPU
		{5F0D97E1-189C-4459-AB32-012A2177DC15}.Release|Any CPU.Build.0 = Release|Any CPU
		{5F0D97E1-189C-4459-AB32-012A2177DC15}.Release|arm64.ActiveCfg = Release|Any CPU
		{5F0D97E1-189C-4459-AB32-012A2177DC15}.Release|arm64.Build.0 = Release|Any CPU
		{5F0D97E1-189C-4459-AB32-012A2177DC15}.Release|x64.ActiveCfg = Release|Any CPU
		{5F0D97E1-189C-4459-AB32-012A2177DC15}.Release|x64.Build.0 = Release|Any CPU
		{5F0D97E1-189C-4459-AB32-012A2177DC15}.Release|x86.ActiveCfg = Release|Any CPU
		{5F0D97E1-189C-4459-AB32-012A2177DC15}.Release|x86.Build.0 = Release|Any CPU
		{0DB4FC92-58A7-4067-9370-E58851266F71}.Debug|Any CPU.ActiveCfg = Debug|Any CPU
		{0DB4FC92-58A7-4067-9370-E58851266F71}.Debug|Any CPU.Build.0 = Debug|Any CPU
		{0DB4FC92-58A7-4067-9370-E58851266F71}.Debug|arm64.ActiveCfg = Debug|Any CPU
		{0DB4FC92-58A7-4067-9370-E58851266F71}.Debug|arm64.Build.0 = Debug|Any CPU
		{0DB4FC92-58A7-4067-9370-E58851266F71}.Debug|x64.ActiveCfg = Debug|Any CPU
		{0DB4FC92-58A7-4067-9370-E58851266F71}.Debug|x64.Build.0 = Debug|Any CPU
		{0DB4FC92-58A7-4067-9370-E58851266F71}.Debug|x86.ActiveCfg = Debug|Any CPU
		{0DB4FC92-58A7-4067-9370-E58851266F71}.Debug|x86.Build.0 = Debug|Any CPU
		{0DB4FC92-58A7-4067-9370-E58851266F71}.Release|Any CPU.ActiveCfg = Release|Any CPU
		{0DB4FC92-58A7-4067-9370-E58851266F71}.Release|Any CPU.Build.0 = Release|Any CPU
		{0DB4FC92-58A7-4067-9370-E58851266F71}.Release|arm64.ActiveCfg = Release|Any CPU
		{0DB4FC92-58A7-4067-9370-E58851266F71}.Release|arm64.Build.0 = Release|Any CPU
		{0DB4FC92-58A7-4067-9370-E58851266F71}.Release|x64.ActiveCfg = Release|Any CPU
		{0DB4FC92-58A7-4067-9370-E58851266F71}.Release|x64.Build.0 = Release|Any CPU
		{0DB4FC92-58A7-4067-9370-E58851266F71}.Release|x86.ActiveCfg = Release|Any CPU
		{0DB4FC92-58A7-4067-9370-E58851266F71}.Release|x86.Build.0 = Release|Any CPU
	EndGlobalSection
	GlobalSection(SolutionProperties) = preSolution
		HideSolutionNode = FALSE
	EndGlobalSection
	GlobalSection(NestedProjects) = preSolution
		{2F1CDF02-E801-4CF7-9D94-1AFAD87F06B8} = {1D186D2C-E8F8-4527-B6EE-E0092689DD48}
		{8C958EC8-8B1A-489E-A7AB-4AFE6077E02B} = {1D186D2C-E8F8-4527-B6EE-E0092689DD48}
		{BA6DF018-5403-472E-9FFB-E1F9BD8933A7} = {1D186D2C-E8F8-4527-B6EE-E0092689DD48}
		{4720A8E9-E731-41C4-B313-3A1487C402E8} = {1D186D2C-E8F8-4527-B6EE-E0092689DD48}
		{F6150FAD-CA72-4F5F-B199-37F00FF12FB2} = {61CBEB38-A13E-441D-AAD7-F13FB47944AB}
		{6AA63D63-C353-434D-859B-0DEB3EB5A4F7} = {61CBEB38-A13E-441D-AAD7-F13FB47944AB}
		{6B5D24A1-6768-4515-8D83-5B2676CC3F06} = {8C958EC8-8B1A-489E-A7AB-4AFE6077E02B}
		{9E1CD379-8E77-4355-9833-F268A9BB1647} = {8C958EC8-8B1A-489E-A7AB-4AFE6077E02B}
		{490A5F29-308C-459E-B244-1C90BDCC6970} = {8C958EC8-8B1A-489E-A7AB-4AFE6077E02B}
		{5F0D97E1-189C-4459-AB32-012A2177DC15} = {8C958EC8-8B1A-489E-A7AB-4AFE6077E02B}
		{0DB4FC92-58A7-4067-9370-E58851266F71} = {2F1CDF02-E801-4CF7-9D94-1AFAD87F06B8}
	EndGlobalSection
	GlobalSection(ExtensibilityGlobals) = postSolution
		SolutionGuid = {8B882F15-B9AD-4506-97FB-1423A1F54713}
	EndGlobalSection
EndGlobal
